// !$*UTF8*$!
{
	archiveVersion = 1;
	classes = {
	};
	objectVersion = 46;
	objects = {

/* Begin PBXBuildFile section */
		C215A9CAD4C34F2BB0F421A2 /* libPods.a in Frameworks */ = {isa = PBXBuildFile; fileRef = AC77A03692E14906BE971EC0 /* libPods.a */; };
		DB7946E81832D58E000C81F2 /* Foundation.framework in Frameworks */ = {isa = PBXBuildFile; fileRef = DB7946E71832D58E000C81F2 /* Foundation.framework */; };
		DB7946EA1832D58E000C81F2 /* CoreGraphics.framework in Frameworks */ = {isa = PBXBuildFile; fileRef = DB7946E91832D58E000C81F2 /* CoreGraphics.framework */; };
		DB7946EC1832D58E000C81F2 /* UIKit.framework in Frameworks */ = {isa = PBXBuildFile; fileRef = DB7946EB1832D58E000C81F2 /* UIKit.framework */; };
		DB7946F21832D58E000C81F2 /* InfoPlist.strings in Resources */ = {isa = PBXBuildFile; fileRef = DB7946F01832D58E000C81F2 /* InfoPlist.strings */; };
		DB7946F41832D58E000C81F2 /* main.m in Sources */ = {isa = PBXBuildFile; fileRef = DB7946F31832D58E000C81F2 /* main.m */; };
		DB7946F81832D58E000C81F2 /* SPAppDelegate.m in Sources */ = {isa = PBXBuildFile; fileRef = DB7946F71832D58E000C81F2 /* SPAppDelegate.m */; };
		DB7946FE1832D58E000C81F2 /* SPViewController.m in Sources */ = {isa = PBXBuildFile; fileRef = DB7946FD1832D58E000C81F2 /* SPViewController.m */; };
		DB7947001832D58E000C81F2 /* Images.xcassets in Resources */ = {isa = PBXBuildFile; fileRef = DB7946FF1832D58E000C81F2 /* Images.xcassets */; };
		DB7947071832D58E000C81F2 /* XCTest.framework in Frameworks */ = {isa = PBXBuildFile; fileRef = DB7947061832D58E000C81F2 /* XCTest.framework */; };
		DB7947081832D58E000C81F2 /* Foundation.framework in Frameworks */ = {isa = PBXBuildFile; fileRef = DB7946E71832D58E000C81F2 /* Foundation.framework */; };
		DB7947091832D58E000C81F2 /* UIKit.framework in Frameworks */ = {isa = PBXBuildFile; fileRef = DB7946EB1832D58E000C81F2 /* UIKit.framework */; };
		DB7947111832D58E000C81F2 /* InfoPlist.strings in Resources */ = {isa = PBXBuildFile; fileRef = DB79470F1832D58E000C81F2 /* InfoPlist.strings */; };
		DB7947131832D58E000C81F2 /* spythonTests.m in Sources */ = {isa = PBXBuildFile; fileRef = DB7947121832D58E000C81F2 /* spythonTests.m */; };
		DB7947231832DB3F000C81F2 /* SPHomeViewController.m in Sources */ = {isa = PBXBuildFile; fileRef = DB7947221832DB3F000C81F2 /* SPHomeViewController.m */; };
		DB7947261832DC02000C81F2 /* SPNavigationController.m in Sources */ = {isa = PBXBuildFile; fileRef = DB7947251832DC02000C81F2 /* SPNavigationController.m */; };
/* End PBXBuildFile section */

/* Begin PBXContainerItemProxy section */
		DB79470A1832D58E000C81F2 /* PBXContainerItemProxy */ = {
			isa = PBXContainerItemProxy;
			containerPortal = DB7946DC1832D58E000C81F2 /* Project object */;
			proxyType = 1;
			remoteGlobalIDString = DB7946E31832D58E000C81F2;
			remoteInfo = spython;
		};
/* End PBXContainerItemProxy section */

/* Begin PBXFileReference section */
		34A4D120AC4141FE9355E682 /* Pods.xcconfig */ = {isa = PBXFileReference; includeInIndex = 1; lastKnownFileType = text.xcconfig; name = Pods.xcconfig; path = Pods/Pods.xcconfig; sourceTree = "<group>"; };
		AC77A03692E14906BE971EC0 /* libPods.a */ = {isa = PBXFileReference; explicitFileType = archive.ar; includeInIndex = 0; path = libPods.a; sourceTree = BUILT_PRODUCTS_DIR; };
		DB7946E41832D58E000C81F2 /* spython.app */ = {isa = PBXFileReference; explicitFileType = wrapper.application; includeInIndex = 0; path = spython.app; sourceTree = BUILT_PRODUCTS_DIR; };
		DB7946E71832D58E000C81F2 /* Foundation.framework */ = {isa = PBXFileReference; lastKnownFileType = wrapper.framework; name = Foundation.framework; path = System/Library/Frameworks/Foundation.framework; sourceTree = SDKROOT; };
		DB7946E91832D58E000C81F2 /* CoreGraphics.framework */ = {isa = PBXFileReference; lastKnownFileType = wrapper.framework; name = CoreGraphics.framework; path = System/Library/Frameworks/CoreGraphics.framework; sourceTree = SDKROOT; };
		DB7946EB1832D58E000C81F2 /* UIKit.framework */ = {isa = PBXFileReference; lastKnownFileType = wrapper.framework; name = UIKit.framework; path = System/Library/Frameworks/UIKit.framework; sourceTree = SDKROOT; };
		DB7946EF1832D58E000C81F2 /* spython-Info.plist */ = {isa = PBXFileReference; lastKnownFileType = text.plist.xml; path = "spython-Info.plist"; sourceTree = "<group>"; };
		DB7946F11832D58E000C81F2 /* en */ = {isa = PBXFileReference; lastKnownFileType = text.plist.strings; name = en; path = en.lproj/InfoPlist.strings; sourceTree = "<group>"; };
		DB7946F31832D58E000C81F2 /* main.m */ = {isa = PBXFileReference; lastKnownFileType = sourcecode.c.objc; path = main.m; sourceTree = "<group>"; };
		DB7946F51832D58E000C81F2 /* spython-Prefix.pch */ = {isa = PBXFileReference; lastKnownFileType = sourcecode.c.h; path = "spython-Prefix.pch"; sourceTree = "<group>"; };
		DB7946F61832D58E000C81F2 /* SPAppDelegate.h */ = {isa = PBXFileReference; lastKnownFileType = sourcecode.c.h; path = SPAppDelegate.h; sourceTree = "<group>"; };
		DB7946F71832D58E000C81F2 /* SPAppDelegate.m */ = {isa = PBXFileReference; lastKnownFileType = sourcecode.c.objc; path = SPAppDelegate.m; sourceTree = "<group>"; };
		DB7946FC1832D58E000C81F2 /* SPViewController.h */ = {isa = PBXFileReference; lastKnownFileType = sourcecode.c.h; path = SPViewController.h; sourceTree = "<group>"; };
		DB7946FD1832D58E000C81F2 /* SPViewController.m */ = {isa = PBXFileReference; lastKnownFileType = sourcecode.c.objc; path = SPViewController.m; sourceTree = "<group>"; };
		DB7946FF1832D58E000C81F2 /* Images.xcassets */ = {isa = PBXFileReference; lastKnownFileType = folder.assetcatalog; path = Images.xcassets; sourceTree = "<group>"; };
		DB7947051832D58E000C81F2 /* spythonTests.xctest */ = {isa = PBXFileReference; explicitFileType = wrapper.cfbundle; includeInIndex = 0; path = spythonTests.xctest; sourceTree = BUILT_PRODUCTS_DIR; };
		DB7947061832D58E000C81F2 /* XCTest.framework */ = {isa = PBXFileReference; lastKnownFileType = wrapper.framework; name = XCTest.framework; path = Library/Frameworks/XCTest.framework; sourceTree = DEVELOPER_DIR; };
		DB79470E1832D58E000C81F2 /* spythonTests-Info.plist */ = {isa = PBXFileReference; lastKnownFileType = text.plist.xml; path = "spythonTests-Info.plist"; sourceTree = "<group>"; };
		DB7947101832D58E000C81F2 /* en */ = {isa = PBXFileReference; lastKnownFileType = text.plist.strings; name = en; path = en.lproj/InfoPlist.strings; sourceTree = "<group>"; };
		DB7947121832D58E000C81F2 /* spythonTests.m */ = {isa = PBXFileReference; lastKnownFileType = sourcecode.c.objc; path = spythonTests.m; sourceTree = "<group>"; };
		DB7947211832DB3F000C81F2 /* SPHomeViewController.h */ = {isa = PBXFileReference; fileEncoding = 4; lastKnownFileType = sourcecode.c.h; path = SPHomeViewController.h; sourceTree = "<group>"; };
		DB7947221832DB3F000C81F2 /* SPHomeViewController.m */ = {isa = PBXFileReference; fileEncoding = 4; lastKnownFileType = sourcecode.c.objc; path = SPHomeViewController.m; sourceTree = "<group>"; };
		DB7947241832DC02000C81F2 /* SPNavigationController.h */ = {isa = PBXFileReference; fileEncoding = 4; lastKnownFileType = sourcecode.c.h; path = SPNavigationController.h; sourceTree = "<group>"; };
		DB7947251832DC02000C81F2 /* SPNavigationController.m */ = {isa = PBXFileReference; fileEncoding = 4; lastKnownFileType = sourcecode.c.objc; path = SPNavigationController.m; sourceTree = "<group>"; };
/* End PBXFileReference section */

/* Begin PBXFrameworksBuildPhase section */
		DB7946E11832D58E000C81F2 /* Frameworks */ = {
			isa = PBXFrameworksBuildPhase;
			buildActionMask = 2147483647;
			files = (
				DB7946EA1832D58E000C81F2 /* CoreGraphics.framework in Frameworks */,
				DB7946EC1832D58E000C81F2 /* UIKit.framework in Frameworks */,
				DB7946E81832D58E000C81F2 /* Foundation.framework in Frameworks */,
				C215A9CAD4C34F2BB0F421A2 /* libPods.a in Frameworks */,
			);
			runOnlyForDeploymentPostprocessing = 0;
		};
		DB7947021832D58E000C81F2 /* Frameworks */ = {
			isa = PBXFrameworksBuildPhase;
			buildActionMask = 2147483647;
			files = (
				DB7947071832D58E000C81F2 /* XCTest.framework in Frameworks */,
				DB7947091832D58E000C81F2 /* UIKit.framework in Frameworks */,
				DB7947081832D58E000C81F2 /* Foundation.framework in Frameworks */,
			);
			runOnlyForDeploymentPostprocessing = 0;
		};
/* End PBXFrameworksBuildPhase section */

/* Begin PBXGroup section */
		DB7946DB1832D58E000C81F2 = {
			isa = PBXGroup;
			children = (
				DB7946ED1832D58E000C81F2 /* spython */,
				DB79470C1832D58E000C81F2 /* spythonTests */,
				DB7946E61832D58E000C81F2 /* Frameworks */,
				DB7946E51832D58E000C81F2 /* Products */,
				34A4D120AC4141FE9355E682 /* Pods.xcconfig */,
			);
			sourceTree = "<group>";
		};
		DB7946E51832D58E000C81F2 /* Products */ = {
			isa = PBXGroup;
			children = (
				DB7946E41832D58E000C81F2 /* spython.app */,
				DB7947051832D58E000C81F2 /* spythonTests.xctest */,
			);
			name = Products;
			sourceTree = "<group>";
		};
		DB7946E61832D58E000C81F2 /* Frameworks */ = {
			isa = PBXGroup;
			children = (
				DB7946E71832D58E000C81F2 /* Foundation.framework */,
				DB7946E91832D58E000C81F2 /* CoreGraphics.framework */,
				DB7946EB1832D58E000C81F2 /* UIKit.framework */,
				DB7947061832D58E000C81F2 /* XCTest.framework */,
				AC77A03692E14906BE971EC0 /* libPods.a */,
			);
			name = Frameworks;
			sourceTree = "<group>";
		};
		DB7946ED1832D58E000C81F2 /* spython */ = {
			isa = PBXGroup;
			children = (
				DB79471D1832DAE9000C81F2 /* Controllers */,
				DB79471E1832DAE9000C81F2 /* Domain */,
				DB79471F1832DAE9000C81F2 /* Services */,
				DB7947201832DAE9000C81F2 /* Views */,
				DB7946F61832D58E000C81F2 /* SPAppDelegate.h */,
				DB7946F71832D58E000C81F2 /* SPAppDelegate.m */,
				DB7946FC1832D58E000C81F2 /* SPViewController.h */,
				DB7946FD1832D58E000C81F2 /* SPViewController.m */,
				DB7946FF1832D58E000C81F2 /* Images.xcassets */,
				DB7946EE1832D58E000C81F2 /* Supporting Files */,
			);
			path = spython;
			sourceTree = "<group>";
		};
		DB7946EE1832D58E000C81F2 /* Supporting Files */ = {
			isa = PBXGroup;
			children = (
				DB7946EF1832D58E000C81F2 /* spython-Info.plist */,
				DB7946F01832D58E000C81F2 /* InfoPlist.strings */,
				DB7946F31832D58E000C81F2 /* main.m */,
				DB7946F51832D58E000C81F2 /* spython-Prefix.pch */,
			);
			name = "Supporting Files";
			sourceTree = "<group>";
		};
		DB79470C1832D58E000C81F2 /* spythonTests */ = {
			isa = PBXGroup;
			children = (
				DB7947121832D58E000C81F2 /* spythonTests.m */,
				DB79470D1832D58E000C81F2 /* Supporting Files */,
			);
			path = spythonTests;
			sourceTree = "<group>";
		};
		DB79470D1832D58E000C81F2 /* Supporting Files */ = {
			isa = PBXGroup;
			children = (
				DB79470E1832D58E000C81F2 /* spythonTests-Info.plist */,
				DB79470F1832D58E000C81F2 /* InfoPlist.strings */,
			);
			name = "Supporting Files";
			sourceTree = "<group>";
		};
		DB79471D1832DAE9000C81F2 /* Controllers */ = {
			isa = PBXGroup;
			children = (
				DB7947211832DB3F000C81F2 /* SPHomeViewController.h */,
				DB7947221832DB3F000C81F2 /* SPHomeViewController.m */,
				DB7947241832DC02000C81F2 /* SPNavigationController.h */,
				DB7947251832DC02000C81F2 /* SPNavigationController.m */,
			);
			path = Controllers;
			sourceTree = "<group>";
		};
		DB79471E1832DAE9000C81F2 /* Domain */ = {
			isa = PBXGroup;
			children = (
			);
			path = Domain;
			sourceTree = "<group>";
		};
		DB79471F1832DAE9000C81F2 /* Services */ = {
			isa = PBXGroup;
			children = (
			);
			path = Services;
			sourceTree = "<group>";
		};
		DB7947201832DAE9000C81F2 /* Views */ = {
			isa = PBXGroup;
			children = (
			);
			path = Views;
			sourceTree = "<group>";
		};
/* End PBXGroup section */

/* Begin PBXNativeTarget section */
		DB7946E31832D58E000C81F2 /* spython */ = {
			isa = PBXNativeTarget;
			buildConfigurationList = DB7947161832D58E000C81F2 /* Build configuration list for PBXNativeTarget "spython" */;
			buildPhases = (
				31BC47EFF3EC4E148AA9C521 /* Check Pods Manifest.lock */,
				DB7946E01832D58E000C81F2 /* Sources */,
				DB7946E11832D58E000C81F2 /* Frameworks */,
				DB7946E21832D58E000C81F2 /* Resources */,
				886B44D1F37D485080BAD8F2 /* Copy Pods Resources */,
			);
			buildRules = (
			);
			dependencies = (
			);
			name = spython;
			productName = spython;
			productReference = DB7946E41832D58E000C81F2 /* spython.app */;
			productType = "com.apple.product-type.application";
		};
		DB7947041832D58E000C81F2 /* spythonTests */ = {
			isa = PBXNativeTarget;
			buildConfigurationList = DB7947191832D58E000C81F2 /* Build configuration list for PBXNativeTarget "spythonTests" */;
			buildPhases = (
				DB7947011832D58E000C81F2 /* Sources */,
				DB7947021832D58E000C81F2 /* Frameworks */,
				DB7947031832D58E000C81F2 /* Resources */,
			);
			buildRules = (
			);
			dependencies = (
				DB79470B1832D58E000C81F2 /* PBXTargetDependency */,
			);
			name = spythonTests;
			productName = spythonTests;
			productReference = DB7947051832D58E000C81F2 /* spythonTests.xctest */;
			productType = "com.apple.product-type.bundle.unit-test";
		};
/* End PBXNativeTarget section */

/* Begin PBXProject section */
		DB7946DC1832D58E000C81F2 /* Project object */ = {
			isa = PBXProject;
			attributes = {
				CLASSPREFIX = SP;
				LastUpgradeCheck = 0500;
				ORGANIZATIONNAME = Spin42;
				TargetAttributes = {
					DB7947041832D58E000C81F2 = {
						TestTargetID = DB7946E31832D58E000C81F2;
					};
				};
			};
			buildConfigurationList = DB7946DF1832D58E000C81F2 /* Build configuration list for PBXProject "spython" */;
			compatibilityVersion = "Xcode 3.2";
			developmentRegion = English;
			hasScannedForEncodings = 0;
			knownRegions = (
				en,
				Base,
			);
			mainGroup = DB7946DB1832D58E000C81F2;
			productRefGroup = DB7946E51832D58E000C81F2 /* Products */;
			projectDirPath = "";
			projectRoot = "";
			targets = (
				DB7946E31832D58E000C81F2 /* spython */,
				DB7947041832D58E000C81F2 /* spythonTests */,
			);
		};
/* End PBXProject section */

/* Begin PBXResourcesBuildPhase section */
		DB7946E21832D58E000C81F2 /* Resources */ = {
			isa = PBXResourcesBuildPhase;
			buildActionMask = 2147483647;
			files = (
				DB7947001832D58E000C81F2 /* Images.xcassets in Resources */,
				DB7946F21832D58E000C81F2 /* InfoPlist.strings in Resources */,
			);
			runOnlyForDeploymentPostprocessing = 0;
		};
		DB7947031832D58E000C81F2 /* Resources */ = {
			isa = PBXResourcesBuildPhase;
			buildActionMask = 2147483647;
			files = (
				DB7947111832D58E000C81F2 /* InfoPlist.strings in Resources */,
			);
			runOnlyForDeploymentPostprocessing = 0;
		};
/* End PBXResourcesBuildPhase section */

/* Begin PBXShellScriptBuildPhase section */
		31BC47EFF3EC4E148AA9C521 /* Check Pods Manifest.lock */ = {
			isa = PBXShellScriptBuildPhase;
			buildActionMask = 2147483647;
			files = (
			);
			inputPaths = (
			);
			name = "Check Pods Manifest.lock";
			outputPaths = (
			);
			runOnlyForDeploymentPostprocessing = 0;
			shellPath = /bin/sh;
			shellScript = "diff \"${PODS_ROOT}/../Podfile.lock\" \"${PODS_ROOT}/Manifest.lock\" > /dev/null\nif [[ $? != 0 ]] ; then\n    cat << EOM\nerror: The sandbox is not in sync with the Podfile.lock. Run 'pod install' or update your CocoaPods installation.\nEOM\n    exit 1\nfi\n";
			showEnvVarsInLog = 0;
		};
		886B44D1F37D485080BAD8F2 /* Copy Pods Resources */ = {
			isa = PBXShellScriptBuildPhase;
			buildActionMask = 2147483647;
			files = (
			);
			inputPaths = (
			);
			name = "Copy Pods Resources";
			outputPaths = (
			);
			runOnlyForDeploymentPostprocessing = 0;
			shellPath = /bin/sh;
			shellScript = "\"${SRCROOT}/Pods/Pods-resources.sh\"\n";
			showEnvVarsInLog = 0;
		};
/* End PBXShellScriptBuildPhase section */

/* Begin PBXSourcesBuildPhase section */
		DB7946E01832D58E000C81F2 /* Sources */ = {
			isa = PBXSourcesBuildPhase;
			buildActionMask = 2147483647;
			files = (
				DB7947231832DB3F000C81F2 /* SPHomeViewController.m in Sources */,
				DB7946F41832D58E000C81F2 /* main.m in Sources */,
				DB7946FE1832D58E000C81F2 /* SPViewController.m in Sources */,
				DB7947261832DC02000C81F2 /* SPNavigationController.m in Sources */,
				DB7946F81832D58E000C81F2 /* SPAppDelegate.m in Sources */,
			);
			runOnlyForDeploymentPostprocessing = 0;
		};
		DB7947011832D58E000C81F2 /* Sources */ = {
			isa = PBXSourcesBuildPhase;
			buildActionMask = 2147483647;
			files = (
				DB7947131832D58E000C81F2 /* spythonTests.m in Sources */,
			);
			runOnlyForDeploymentPostprocessing = 0;
		};
/* End PBXSourcesBuildPhase section */

/* Begin PBXTargetDependency section */
		DB79470B1832D58E000C81F2 /* PBXTargetDependency */ = {
			isa = PBXTargetDependency;
			target = DB7946E31832D58E000C81F2 /* spython */;
			targetProxy = DB79470A1832D58E000C81F2 /* PBXContainerItemProxy */;
		};
/* End PBXTargetDependency section */

/* Begin PBXVariantGroup section */
		DB7946F01832D58E000C81F2 /* InfoPlist.strings */ = {
			isa = PBXVariantGroup;
			children = (
				DB7946F11832D58E000C81F2 /* en */,
			);
			name = InfoPlist.strings;
			sourceTree = "<group>";
		};
		DB79470F1832D58E000C81F2 /* InfoPlist.strings */ = {
			isa = PBXVariantGroup;
			children = (
				DB7947101832D58E000C81F2 /* en */,
			);
			name = InfoPlist.strings;
			sourceTree = "<group>";
		};
/* End PBXVariantGroup section */

/* Begin XCBuildConfiguration section */
		DB7947141832D58E000C81F2 /* Debug */ = {
			isa = XCBuildConfiguration;
			buildSettings = {
				ALWAYS_SEARCH_USER_PATHS = NO;
				ARCHS = "$(ARCHS_STANDARD_INCLUDING_64_BIT)";
				CLANG_CXX_LANGUAGE_STANDARD = "gnu++0x";
				CLANG_CXX_LIBRARY = "libc++";
				CLANG_ENABLE_MODULES = YES;
				CLANG_ENABLE_OBJC_ARC = YES;
				CLANG_WARN_BOOL_CONVERSION = YES;
				CLANG_WARN_CONSTANT_CONVERSION = YES;
				CLANG_WARN_DIRECT_OBJC_ISA_USAGE = YES_ERROR;
				CLANG_WARN_EMPTY_BODY = YES;
				CLANG_WARN_ENUM_CONVERSION = YES;
				CLANG_WARN_INT_CONVERSION = YES;
				CLANG_WARN_OBJC_ROOT_CLASS = YES_ERROR;
				CLANG_WARN__DUPLICATE_METHOD_MATCH = YES;
				"CODE_SIGN_IDENTITY[sdk=iphoneos*]" = "iPhone Developer";
				COPY_PHASE_STRIP = NO;
				GCC_C_LANGUAGE_STANDARD = gnu99;
				GCC_DYNAMIC_NO_PIC = NO;
				GCC_OPTIMIZATION_LEVEL = 0;
				GCC_PREPROCESSOR_DEFINITIONS = (
					"DEBUG=1",
					"$(inherited)",
				);
				GCC_SYMBOLS_PRIVATE_EXTERN = NO;
				GCC_WARN_64_TO_32_BIT_CONVERSION = YES;
				GCC_WARN_ABOUT_RETURN_TYPE = YES_ERROR;
				GCC_WARN_UNDECLARED_SELECTOR = YES;
				GCC_WARN_UNINITIALIZED_AUTOS = YES;
				GCC_WARN_UNUSED_FUNCTION = YES;
				GCC_WARN_UNUSED_VARIABLE = YES;
				IPHONEOS_DEPLOYMENT_TARGET = 7.0;
				ONLY_ACTIVE_ARCH = YES;
				SDKROOT = iphoneos;
			};
			name = Debug;
		};
		DB7947151832D58E000C81F2 /* Release */ = {
			isa = XCBuildConfiguration;
			buildSettings = {
				ALWAYS_SEARCH_USER_PATHS = NO;
				ARCHS = "$(ARCHS_STANDARD_INCLUDING_64_BIT)";
				CLANG_CXX_LANGUAGE_STANDARD = "gnu++0x";
				CLANG_CXX_LIBRARY = "libc++";
				CLANG_ENABLE_MODULES = YES;
				CLANG_ENABLE_OBJC_ARC = YES;
				CLANG_WARN_BOOL_CONVERSION = YES;
				CLANG_WARN_CONSTANT_CONVERSION = YES;
				CLANG_WARN_DIRECT_OBJC_ISA_USAGE = YES_ERROR;
				CLANG_WARN_EMPTY_BODY = YES;
				CLANG_WARN_ENUM_CONVERSION = YES;
				CLANG_WARN_INT_CONVERSION = YES;
				CLANG_WARN_OBJC_ROOT_CLASS = YES_ERROR;
				CLANG_WARN__DUPLICATE_METHOD_MATCH = YES;
				"CODE_SIGN_IDENTITY[sdk=iphoneos*]" = "iPhone Developer";
				COPY_PHASE_STRIP = YES;
				ENABLE_NS_ASSERTIONS = NO;
				GCC_C_LANGUAGE_STANDARD = gnu99;
				GCC_WARN_64_TO_32_BIT_CONVERSION = YES;
				GCC_WARN_ABOUT_RETURN_TYPE = YES_ERROR;
				GCC_WARN_UNDECLARED_SELECTOR = YES;
				GCC_WARN_UNINITIALIZED_AUTOS = YES;
				GCC_WARN_UNUSED_FUNCTION = YES;
				GCC_WARN_UNUSED_VARIABLE = YES;
				IPHONEOS_DEPLOYMENT_TARGET = 7.0;
				SDKROOT = iphoneos;
				VALIDATE_PRODUCT = YES;
			};
			name = Release;
		};
		DB7947171832D58E000C81F2 /* Debug */ = {
			isa = XCBuildConfiguration;
			baseConfigurationReference = 34A4D120AC4141FE9355E682 /* Pods.xcconfig */;
			buildSettings = {
				ASSETCATALOG_COMPILER_APPICON_NAME = AppIcon;
				ASSETCATALOG_COMPILER_LAUNCHIMAGE_NAME = LaunchImage;
				GCC_PRECOMPILE_PREFIX_HEADER = YES;
				GCC_PREFIX_HEADER = "spython/spython-Prefix.pch";
				INFOPLIST_FILE = "spython/spython-Info.plist";
				PRODUCT_NAME = "$(TARGET_NAME)";
				WRAPPER_EXTENSION = app;
			};
			name = Debug;
		};
		DB7947181832D58E000C81F2 /* Release */ = {
			isa = XCBuildConfiguration;
			baseConfigurationReference = 34A4D120AC4141FE9355E682 /* Pods.xcconfig */;
			buildSettings = {
				ASSETCATALOG_COMPILER_APPICON_NAME = AppIcon;
				ASSETCATALOG_COMPILER_LAUNCHIMAGE_NAME = LaunchImage;
				GCC_PRECOMPILE_PREFIX_HEADER = YES;
				GCC_PREFIX_HEADER = "spython/spython-Prefix.pch";
				INFOPLIST_FILE = "spython/spython-Info.plist";
				PRODUCT_NAME = "$(TARGET_NAME)";
				WRAPPER_EXTENSION = app;
			};
			name = Release;
		};
		DB79471A1832D58E000C81F2 /* Debug */ = {
			isa = XCBuildConfiguration;
			buildSettings = {
				ARCHS = "$(ARCHS_STANDARD_INCLUDING_64_BIT)";
				BUNDLE_LOADER = "$(BUILT_PRODUCTS_DIR)/spython.app/spython";
				FRAMEWORK_SEARCH_PATHS = (
					"$(SDKROOT)/Developer/Library/Frameworks",
					"$(inherited)",
					"$(DEVELOPER_FRAMEWORKS_DIR)",
				);
				GCC_PRECOMPILE_PREFIX_HEADER = YES;
				GCC_PREFIX_HEADER = "spython/spython-Prefix.pch";
				GCC_PREPROCESSOR_DEFINITIONS = (
					"DEBUG=1",
					"$(inherited)",
				);
				INFOPLIST_FILE = "spythonTests/spythonTests-Info.plist";
				PRODUCT_NAME = "$(TARGET_NAME)";
				TEST_HOST = "$(BUNDLE_LOADER)";
				WRAPPER_EXTENSION = xctest;
			};
			name = Debug;
		};
		DB79471B1832D58E000C81F2 /* Release */ = {
			isa = XCBuildConfiguration;
			buildSettings = {
				ARCHS = "$(ARCHS_STANDARD_INCLUDING_64_BIT)";
				BUNDLE_LOADER = "$(BUILT_PRODUCTS_DIR)/spython.app/spython";
				FRAMEWORK_SEARCH_PATHS = (
					"$(SDKROOT)/Developer/Library/Frameworks",
					"$(inherited)",
					"$(DEVELOPER_FRAMEWORKS_DIR)",
				);
				GCC_PRECOMPILE_PREFIX_HEADER = YES;
				GCC_PREFIX_HEADER = "spython/spython-Prefix.pch";
				INFOPLIST_FILE = "spythonTests/spythonTests-Info.plist";
				PRODUCT_NAME = "$(TARGET_NAME)";
				TEST_HOST = "$(BUNDLE_LOADER)";
				WRAPPER_EXTENSION = xctest;
			};
			name = Release;
		};
/* End XCBuildConfiguration section */

/* Begin XCConfigurationList section */
		DB7946DF1832D58E000C81F2 /* Build configuration list for PBXProject "spython" */ = {
			isa = XCConfigurationList;
			buildConfigurations = (
				DB7947141832D58E000C81F2 /* Debug */,
				DB7947151832D58E000C81F2 /* Release */,
			);
			defaultConfigurationIsVisible = 0;
			defaultConfigurationName = Release;
		};
		DB7947161832D58E000C81F2 /* Build configuration list for PBXNativeTarget "spython" */ = {
			isa = XCConfigurationList;
			buildConfigurations = (
				DB7947171832D58E000C81F2 /* Debug */,
				DB7947181832D58E000C81F2 /* Release */,
			);
			defaultConfigurationIsVisible = 0;
			defaultConfigurationName = Release;
		};
		DB7947191832D58E000C81F2 /* Build configuration list for PBXNativeTarget "spythonTests" */ = {
			isa = XCConfigurationList;
			buildConfigurations = (
				DB79471A1832D58E000C81F2 /* Debug */,
				DB79471B1832D58E000C81F2 /* Release */,
			);
			defaultConfigurationIsVisible = 0;
			defaultConfigurationName = Release;
		};
/* End XCConfigurationList section */
	};
	rootObject = DB7946DC1832D58E000C81F2 /* Project object */;
}
